// !$*UTF8*$!
{
	archiveVersion = 1;
	classes = {
	};
	objectVersion = 55;
	objects = {

/* Begin PBXBuildFile section */
		507E135528C4E2E000D81784 /* AllDoneApp.swift in Sources */ = {isa = PBXBuildFile; fileRef = 507E135428C4E2E000D81784 /* AllDoneApp.swift */; };
		507E135728C4E2E000D81784 /* ContentView.swift in Sources */ = {isa = PBXBuildFile; fileRef = 507E135628C4E2E000D81784 /* ContentView.swift */; };
		507E135928C4E2E100D81784 /* Assets.xcassets in Resources */ = {isa = PBXBuildFile; fileRef = 507E135828C4E2E100D81784 /* Assets.xcassets */; };
		507E135C28C4E2E100D81784 /* Preview Assets.xcassets in Resources */ = {isa = PBXBuildFile; fileRef = 507E135B28C4E2E100D81784 /* Preview Assets.xcassets */; };
		507E136728C4F1AF00D81784 /* LoginView.swift in Sources */ = {isa = PBXBuildFile; fileRef = 507E136628C4F1AF00D81784 /* LoginView.swift */; };
		507E136B28C4F29700D81784 /* SignupView.swift in Sources */ = {isa = PBXBuildFile; fileRef = 507E136A28C4F29700D81784 /* SignupView.swift */; };
		507E136D28C4F3A900D81784 /* BackgroundGradientView.swift in Sources */ = {isa = PBXBuildFile; fileRef = 507E136C28C4F3A900D81784 /* BackgroundGradientView.swift */; };
		507E136F28C4F60700D81784 /* LogoView.swift in Sources */ = {isa = PBXBuildFile; fileRef = 507E136E28C4F60700D81784 /* LogoView.swift */; };
		507E137128C5023000D81784 /* CustomTextField.swift in Sources */ = {isa = PBXBuildFile; fileRef = 507E137028C5023000D81784 /* CustomTextField.swift */; };
		507E137428C5100300D81784 /* EmailTextField.swift in Sources */ = {isa = PBXBuildFile; fileRef = 507E137328C5100300D81784 /* EmailTextField.swift */; };
		507E137628C51D0600D81784 /* CustomSecureField.swift in Sources */ = {isa = PBXBuildFile; fileRef = 507E137528C51D0600D81784 /* CustomSecureField.swift */; };
		507E137828C51EC200D81784 /* PasswordSecureField.swift in Sources */ = {isa = PBXBuildFile; fileRef = 507E137728C51EC200D81784 /* PasswordSecureField.swift */; };
		507E137A28C53A7A00D81784 /* AuthenticateButtonView.swift in Sources */ = {isa = PBXBuildFile; fileRef = 507E137928C53A7A00D81784 /* AuthenticateButtonView.swift */; };
		507E137C28C6748C00D81784 /* UserTextField.swift in Sources */ = {isa = PBXBuildFile; fileRef = 507E137B28C6748C00D81784 /* UserTextField.swift */; };
		5083DCC228C91C22005136DC /* GoogleService-Info.plist in Resources */ = {isa = PBXBuildFile; fileRef = 5083DCC128C91C22005136DC /* GoogleService-Info.plist */; };
		5083DCDC28C9217E005136DC /* Constants.swift in Sources */ = {isa = PBXBuildFile; fileRef = 5083DCDB28C9217E005136DC /* Constants.swift */; };
		5083DCDE28C922FB005136DC /* AppUser.swift in Sources */ = {isa = PBXBuildFile; fileRef = 5083DCDD28C922FB005136DC /* AppUser.swift */; };
		5083DCE028C9252D005136DC /* TODO.swift in Sources */ = {isa = PBXBuildFile; fileRef = 5083DCDF28C9252D005136DC /* TODO.swift */; };
		5083DCE228C926DF005136DC /* SelectedButton.swift in Sources */ = {isa = PBXBuildFile; fileRef = 5083DCE128C926DF005136DC /* SelectedButton.swift */; };
		5083DCE428C941F9005136DC /* MockData.swift in Sources */ = {isa = PBXBuildFile; fileRef = 5083DCE328C941F9005136DC /* MockData.swift */; };
		5083DCE628C944C1005136DC /* AuthViewModel.swift in Sources */ = {isa = PBXBuildFile; fileRef = 5083DCE528C944C1005136DC /* AuthViewModel.swift */; };
		5083DCE828C96222005136DC /* DashboardView.swift in Sources */ = {isa = PBXBuildFile; fileRef = 5083DCE728C96222005136DC /* DashboardView.swift */; };
		5083DD3728CA5931005136DC /* TODOViewModel.swift in Sources */ = {isa = PBXBuildFile; fileRef = 5083DD3628CA5931005136DC /* TODOViewModel.swift */; };
		508949E828D75D420044E544 /* TODOButtonStack.swift in Sources */ = {isa = PBXBuildFile; fileRef = 508949E728D75D420044E544 /* TODOButtonStack.swift */; };
		508949EA28D764CA0044E544 /* AddTODOLogo.swift in Sources */ = {isa = PBXBuildFile; fileRef = 508949E928D764CA0044E544 /* AddTODOLogo.swift */; };
		50DA7CB228D689E30010FA4E /* FirebaseAnalytics in Frameworks */ = {isa = PBXBuildFile; productRef = 50DA7CB128D689E30010FA4E /* FirebaseAnalytics */; };
		50DA7CB428D689E30010FA4E /* FirebaseAnalyticsSwift in Frameworks */ = {isa = PBXBuildFile; productRef = 50DA7CB328D689E30010FA4E /* FirebaseAnalyticsSwift */; };
		50DA7CB628D689E30010FA4E /* FirebaseAnalyticsWithoutAdIdSupport in Frameworks */ = {isa = PBXBuildFile; productRef = 50DA7CB528D689E30010FA4E /* FirebaseAnalyticsWithoutAdIdSupport */; };
		50DA7CB828D689E30010FA4E /* FirebaseAuth in Frameworks */ = {isa = PBXBuildFile; productRef = 50DA7CB728D689E30010FA4E /* FirebaseAuth */; };
		50DA7CBA28D689E30010FA4E /* FirebaseCrashlytics in Frameworks */ = {isa = PBXBuildFile; productRef = 50DA7CB928D689E30010FA4E /* FirebaseCrashlytics */; };
		50DA7CBC28D689E30010FA4E /* FirebaseDatabase in Frameworks */ = {isa = PBXBuildFile; productRef = 50DA7CBB28D689E30010FA4E /* FirebaseDatabase */; };
		50DA7CBE28D689E30010FA4E /* FirebaseDatabaseSwift in Frameworks */ = {isa = PBXBuildFile; productRef = 50DA7CBD28D689E30010FA4E /* FirebaseDatabaseSwift */; };
		50DA7CC028D689E30010FA4E /* FirebaseFirestore in Frameworks */ = {isa = PBXBuildFile; productRef = 50DA7CBF28D689E30010FA4E /* FirebaseFirestore */; };
		50DA7CC228D689E30010FA4E /* FirebaseFirestoreSwift in Frameworks */ = {isa = PBXBuildFile; productRef = 50DA7CC128D689E30010FA4E /* FirebaseFirestoreSwift */; };
		50DA7CC428D689E30010FA4E /* FirebaseFunctions in Frameworks */ = {isa = PBXBuildFile; productRef = 50DA7CC328D689E30010FA4E /* FirebaseFunctions */; };
		50DA7CC628D689E30010FA4E /* FirebaseStorage in Frameworks */ = {isa = PBXBuildFile; productRef = 50DA7CC528D689E30010FA4E /* FirebaseStorage */; };
		50DA7CC828D68CC70010FA4E /* SearchBarView.swift in Sources */ = {isa = PBXBuildFile; fileRef = 50DA7CC728D68CC70010FA4E /* SearchBarView.swift */; };
/* End PBXBuildFile section */

/* Begin PBXFileReference section */
		507E135128C4E2E000D81784 /* AllDone.app */ = {isa = PBXFileReference; explicitFileType = wrapper.application; includeInIndex = 0; path = AllDone.app; sourceTree = BUILT_PRODUCTS_DIR; };
		507E135428C4E2E000D81784 /* AllDoneApp.swift */ = {isa = PBXFileReference; lastKnownFileType = sourcecode.swift; path = AllDoneApp.swift; sourceTree = "<group>"; };
		507E135628C4E2E000D81784 /* ContentView.swift */ = {isa = PBXFileReference; lastKnownFileType = sourcecode.swift; path = ContentView.swift; sourceTree = "<group>"; };
		507E135828C4E2E100D81784 /* Assets.xcassets */ = {isa = PBXFileReference; lastKnownFileType = folder.assetcatalog; path = Assets.xcassets; sourceTree = "<group>"; };
		507E135B28C4E2E100D81784 /* Preview Assets.xcassets */ = {isa = PBXFileReference; lastKnownFileType = folder.assetcatalog; path = "Preview Assets.xcassets"; sourceTree = "<group>"; };
		507E136228C4E3BC00D81784 /* Info.plist */ = {isa = PBXFileReference; lastKnownFileType = text.plist; path = Info.plist; sourceTree = "<group>"; };
		507E136628C4F1AF00D81784 /* LoginView.swift */ = {isa = PBXFileReference; lastKnownFileType = sourcecode.swift; path = LoginView.swift; sourceTree = "<group>"; };
		507E136A28C4F29700D81784 /* SignupView.swift */ = {isa = PBXFileReference; lastKnownFileType = sourcecode.swift; path = SignupView.swift; sourceTree = "<group>"; };
		507E136C28C4F3A900D81784 /* BackgroundGradientView.swift */ = {isa = PBXFileReference; lastKnownFileType = sourcecode.swift; path = BackgroundGradientView.swift; sourceTree = "<group>"; };
		507E136E28C4F60700D81784 /* LogoView.swift */ = {isa = PBXFileReference; lastKnownFileType = sourcecode.swift; path = LogoView.swift; sourceTree = "<group>"; };
		507E137028C5023000D81784 /* CustomTextField.swift */ = {isa = PBXFileReference; lastKnownFileType = sourcecode.swift; path = CustomTextField.swift; sourceTree = "<group>"; };
		507E137328C5100300D81784 /* EmailTextField.swift */ = {isa = PBXFileReference; lastKnownFileType = sourcecode.swift; path = EmailTextField.swift; sourceTree = "<group>"; };
		507E137528C51D0600D81784 /* CustomSecureField.swift */ = {isa = PBXFileReference; lastKnownFileType = sourcecode.swift; path = CustomSecureField.swift; sourceTree = "<group>"; };
		507E137728C51EC200D81784 /* PasswordSecureField.swift */ = {isa = PBXFileReference; lastKnownFileType = sourcecode.swift; path = PasswordSecureField.swift; sourceTree = "<group>"; };
		507E137928C53A7A00D81784 /* AuthenticateButtonView.swift */ = {isa = PBXFileReference; lastKnownFileType = sourcecode.swift; path = AuthenticateButtonView.swift; sourceTree = "<group>"; };
		507E137B28C6748C00D81784 /* UserTextField.swift */ = {isa = PBXFileReference; lastKnownFileType = sourcecode.swift; path = UserTextField.swift; sourceTree = "<group>"; };
		5083DCC128C91C22005136DC /* GoogleService-Info.plist */ = {isa = PBXFileReference; fileEncoding = 4; lastKnownFileType = text.plist.xml; path = "GoogleService-Info.plist"; sourceTree = "<group>"; };
		5083DCDB28C9217E005136DC /* Constants.swift */ = {isa = PBXFileReference; lastKnownFileType = sourcecode.swift; path = Constants.swift; sourceTree = "<group>"; };
		5083DCDD28C922FB005136DC /* AppUser.swift */ = {isa = PBXFileReference; lastKnownFileType = sourcecode.swift; path = AppUser.swift; sourceTree = "<group>"; };
		5083DCDF28C9252D005136DC /* TODO.swift */ = {isa = PBXFileReference; lastKnownFileType = sourcecode.swift; path = TODO.swift; sourceTree = "<group>"; };
		5083DCE128C926DF005136DC /* SelectedButton.swift */ = {isa = PBXFileReference; lastKnownFileType = sourcecode.swift; path = SelectedButton.swift; sourceTree = "<group>"; };
		5083DCE328C941F9005136DC /* MockData.swift */ = {isa = PBXFileReference; lastKnownFileType = sourcecode.swift; path = MockData.swift; sourceTree = "<group>"; };
		5083DCE528C944C1005136DC /* AuthViewModel.swift */ = {isa = PBXFileReference; lastKnownFileType = sourcecode.swift; path = AuthViewModel.swift; sourceTree = "<group>"; };
		5083DCE728C96222005136DC /* DashboardView.swift */ = {isa = PBXFileReference; lastKnownFileType = sourcecode.swift; path = DashboardView.swift; sourceTree = "<group>"; };
		5083DD3628CA5931005136DC /* TODOViewModel.swift */ = {isa = PBXFileReference; lastKnownFileType = sourcecode.swift; path = TODOViewModel.swift; sourceTree = "<group>"; };
		508949E728D75D420044E544 /* TODOButtonStack.swift */ = {isa = PBXFileReference; lastKnownFileType = sourcecode.swift; path = TODOButtonStack.swift; sourceTree = "<group>"; };
		508949E928D764CA0044E544 /* AddTODOLogo.swift */ = {isa = PBXFileReference; lastKnownFileType = sourcecode.swift; path = AddTODOLogo.swift; sourceTree = "<group>"; };
		50DA7CC728D68CC70010FA4E /* SearchBarView.swift */ = {isa = PBXFileReference; lastKnownFileType = sourcecode.swift; path = SearchBarView.swift; sourceTree = "<group>"; };
/* End PBXFileReference section */

/* Begin PBXFrameworksBuildPhase section */
		507E134E28C4E2E000D81784 /* Frameworks */ = {
			isa = PBXFrameworksBuildPhase;
			buildActionMask = 2147483647;
			files = (
				50DA7CBE28D689E30010FA4E /* FirebaseDatabaseSwift in Frameworks */,
				50DA7CBC28D689E30010FA4E /* FirebaseDatabase in Frameworks */,
				50DA7CB428D689E30010FA4E /* FirebaseAnalyticsSwift in Frameworks */,
				50DA7CB628D689E30010FA4E /* FirebaseAnalyticsWithoutAdIdSupport in Frameworks */,
				50DA7CBA28D689E30010FA4E /* FirebaseCrashlytics in Frameworks */,
				50DA7CC028D689E30010FA4E /* FirebaseFirestore in Frameworks */,
				50DA7CB228D689E30010FA4E /* FirebaseAnalytics in Frameworks */,
				50DA7CC428D689E30010FA4E /* FirebaseFunctions in Frameworks */,
				50DA7CC628D689E30010FA4E /* FirebaseStorage in Frameworks */,
				50DA7CB828D689E30010FA4E /* FirebaseAuth in Frameworks */,
				50DA7CC228D689E30010FA4E /* FirebaseFirestoreSwift in Frameworks */,
			);
			runOnlyForDeploymentPostprocessing = 0;
		};
/* End PBXFrameworksBuildPhase section */

/* Begin PBXGroup section */
		507E134828C4E2E000D81784 = {
			isa = PBXGroup;
			children = (
				507E135328C4E2E000D81784 /* AllDone */,
				507E135228C4E2E000D81784 /* Products */,
			);
			sourceTree = "<group>";
		};
		507E135228C4E2E000D81784 /* Products */ = {
			isa = PBXGroup;
			children = (
				507E135128C4E2E000D81784 /* AllDone.app */,
			);
			name = Products;
			sourceTree = "<group>";
		};
		507E135328C4E2E000D81784 /* AllDone */ = {
			isa = PBXGroup;
			children = (
				5083DCC128C91C22005136DC /* GoogleService-Info.plist */,
				5083DCDA28C92164005136DC /* Utils */,
				507E136528C4F0A100D81784 /* Model */,
				507E136328C4F08300D81784 /* View */,
				507E136428C4F08E00D81784 /* ViewModel */,
				507E135428C4E2E000D81784 /* AllDoneApp.swift */,
				507E135628C4E2E000D81784 /* ContentView.swift */,
				507E135828C4E2E100D81784 /* Assets.xcassets */,
				507E136228C4E3BC00D81784 /* Info.plist */,
				507E135A28C4E2E100D81784 /* Preview Content */,
			);
			path = AllDone;
			sourceTree = "<group>";
		};
		507E135A28C4E2E100D81784 /* Preview Content */ = {
			isa = PBXGroup;
			children = (
				507E135B28C4E2E100D81784 /* Preview Assets.xcassets */,
			);
			path = "Preview Content";
			sourceTree = "<group>";
		};
		507E136328C4F08300D81784 /* View */ = {
			isa = PBXGroup;
			children = (
				5083DCE728C96222005136DC /* DashboardView.swift */,
				507E136928C4F26C00D81784 /* Authentication */,
				507E136828C4F23E00D81784 /* Utils */,
			);
			path = View;
			sourceTree = "<group>";
		};
		507E136428C4F08E00D81784 /* ViewModel */ = {
			isa = PBXGroup;
			children = (
				5083DCE528C944C1005136DC /* AuthViewModel.swift */,
				5083DD3628CA5931005136DC /* TODOViewModel.swift */,
			);
			path = ViewModel;
			sourceTree = "<group>";
		};
		507E136528C4F0A100D81784 /* Model */ = {
			isa = PBXGroup;
			children = (
				5083DCDD28C922FB005136DC /* AppUser.swift */,
				5083DCDF28C9252D005136DC /* TODO.swift */,
				5083DCE128C926DF005136DC /* SelectedButton.swift */,
				5083DCE328C941F9005136DC /* MockData.swift */,
			);
			path = Model;
			sourceTree = "<group>";
		};
		507E136828C4F23E00D81784 /* Utils */ = {
			isa = PBXGroup;
			children = (
				507E137228C50FD500D81784 /* TextFields */,
				507E136C28C4F3A900D81784 /* BackgroundGradientView.swift */,
				507E136E28C4F60700D81784 /* LogoView.swift */,
				507E137928C53A7A00D81784 /* AuthenticateButtonView.swift */,
				50DA7CC728D68CC70010FA4E /* SearchBarView.swift */,
				508949E728D75D420044E544 /* TODOButtonStack.swift */,
				508949E928D764CA0044E544 /* AddTODOLogo.swift */,
			);
			path = Utils;
			sourceTree = "<group>";
		};
		507E136928C4F26C00D81784 /* Authentication */ = {
			isa = PBXGroup;
			children = (
				507E136628C4F1AF00D81784 /* LoginView.swift */,
				507E136A28C4F29700D81784 /* SignupView.swift */,
			);
			path = Authentication;
			sourceTree = "<group>";
		};
		507E137228C50FD500D81784 /* TextFields */ = {
			isa = PBXGroup;
			children = (
				507E137028C5023000D81784 /* CustomTextField.swift */,
				507E137328C5100300D81784 /* EmailTextField.swift */,
				507E137528C51D0600D81784 /* CustomSecureField.swift */,
				507E137728C51EC200D81784 /* PasswordSecureField.swift */,
				507E137B28C6748C00D81784 /* UserTextField.swift */,
			);
			path = TextFields;
			sourceTree = "<group>";
		};
		5083DCDA28C92164005136DC /* Utils */ = {
			isa = PBXGroup;
			children = (
				5083DCDB28C9217E005136DC /* Constants.swift */,
			);
			path = Utils;
			sourceTree = "<group>";
		};
/* End PBXGroup section */

/* Begin PBXNativeTarget section */
		507E135028C4E2E000D81784 /* AllDone */ = {
			isa = PBXNativeTarget;
			buildConfigurationList = 507E135F28C4E2E100D81784 /* Build configuration list for PBXNativeTarget "AllDone" */;
			buildPhases = (
				507E134D28C4E2E000D81784 /* Sources */,
				507E134E28C4E2E000D81784 /* Frameworks */,
				507E134F28C4E2E000D81784 /* Resources */,
			);
			buildRules = (
			);
			dependencies = (
			);
			name = AllDone;
			packageProductDependencies = (
				50DA7CB128D689E30010FA4E /* FirebaseAnalytics */,
				50DA7CB328D689E30010FA4E /* FirebaseAnalyticsSwift */,
				50DA7CB528D689E30010FA4E /* FirebaseAnalyticsWithoutAdIdSupport */,
				50DA7CB728D689E30010FA4E /* FirebaseAuth */,
				50DA7CB928D689E30010FA4E /* FirebaseCrashlytics */,
				50DA7CBB28D689E30010FA4E /* FirebaseDatabase */,
				50DA7CBD28D689E30010FA4E /* FirebaseDatabaseSwift */,
				50DA7CBF28D689E30010FA4E /* FirebaseFirestore */,
				50DA7CC128D689E30010FA4E /* FirebaseFirestoreSwift */,
				50DA7CC328D689E30010FA4E /* FirebaseFunctions */,
				50DA7CC528D689E30010FA4E /* FirebaseStorage */,
			);
			productName = AllDone;
			productReference = 507E135128C4E2E000D81784 /* AllDone.app */;
			productType = "com.apple.product-type.application";
		};
/* End PBXNativeTarget section */

/* Begin PBXProject section */
		507E134928C4E2E000D81784 /* Project object */ = {
			isa = PBXProject;
			attributes = {
				BuildIndependentTargetsInParallel = 1;
				LastSwiftUpdateCheck = 1340;
				LastUpgradeCheck = 1340;
				TargetAttributes = {
					507E135028C4E2E000D81784 = {
						CreatedOnToolsVersion = 13.4.1;
					};
				};
			};
			buildConfigurationList = 507E134C28C4E2E000D81784 /* Build configuration list for PBXProject "AllDone" */;
			compatibilityVersion = "Xcode 13.0";
			developmentRegion = en;
			hasScannedForEncodings = 0;
			knownRegions = (
				en,
				Base,
			);
			mainGroup = 507E134828C4E2E000D81784;
			packageReferences = (
				50DA7CB028D689E30010FA4E /* XCRemoteSwiftPackageReference "firebase-ios-sdk" */,
			);
			productRefGroup = 507E135228C4E2E000D81784 /* Products */;
			projectDirPath = "";
			projectRoot = "";
			targets = (
				507E135028C4E2E000D81784 /* AllDone */,
			);
		};
/* End PBXProject section */

/* Begin PBXResourcesBuildPhase section */
		507E134F28C4E2E000D81784 /* Resources */ = {
			isa = PBXResourcesBuildPhase;
			buildActionMask = 2147483647;
			files = (
				507E135C28C4E2E100D81784 /* Preview Assets.xcassets in Resources */,
				507E135928C4E2E100D81784 /* Assets.xcassets in Resources */,
				5083DCC228C91C22005136DC /* GoogleService-Info.plist in Resources */,
			);
			runOnlyForDeploymentPostprocessing = 0;
		};
/* End PBXResourcesBuildPhase section */

/* Begin PBXSourcesBuildPhase section */
		507E134D28C4E2E000D81784 /* Sources */ = {
			isa = PBXSourcesBuildPhase;
			buildActionMask = 2147483647;
			files = (
				5083DCDE28C922FB005136DC /* AppUser.swift in Sources */,
				507E137428C5100300D81784 /* EmailTextField.swift in Sources */,
				507E137128C5023000D81784 /* CustomTextField.swift in Sources */,
				5083DCE428C941F9005136DC /* MockData.swift in Sources */,
				507E137C28C6748C00D81784 /* UserTextField.swift in Sources */,
				5083DCE228C926DF005136DC /* SelectedButton.swift in Sources */,
				507E136B28C4F29700D81784 /* SignupView.swift in Sources */,
				5083DCE028C9252D005136DC /* TODO.swift in Sources */,
				5083DCE828C96222005136DC /* DashboardView.swift in Sources */,
				5083DCE628C944C1005136DC /* AuthViewModel.swift in Sources */,
				508949E828D75D420044E544 /* TODOButtonStack.swift in Sources */,
				50DA7CC828D68CC70010FA4E /* SearchBarView.swift in Sources */,
				507E136F28C4F60700D81784 /* LogoView.swift in Sources */,
				507E137828C51EC200D81784 /* PasswordSecureField.swift in Sources */,
				507E136728C4F1AF00D81784 /* LoginView.swift in Sources */,
				5083DCDC28C9217E005136DC /* Constants.swift in Sources */,
				507E137A28C53A7A00D81784 /* AuthenticateButtonView.swift in Sources */,
				507E135728C4E2E000D81784 /* ContentView.swift in Sources */,
				5083DD3728CA5931005136DC /* TODOViewModel.swift in Sources */,
				507E136D28C4F3A900D81784 /* BackgroundGradientView.swift in Sources */,
				507E137628C51D0600D81784 /* CustomSecureField.swift in Sources */,
				507E135528C4E2E000D81784 /* AllDoneApp.swift in Sources */,
				508949EA28D764CA0044E544 /* AddTODOLogo.swift in Sources */,
			);
			runOnlyForDeploymentPostprocessing = 0;
		};
/* End PBXSourcesBuildPhase section */

/* Begin XCBuildConfiguration section */
		507E135D28C4E2E100D81784 /* Debug */ = {
			isa = XCBuildConfiguration;
			buildSettings = {
				ALWAYS_SEARCH_USER_PATHS = NO;
				CLANG_ANALYZER_NONNULL = YES;
				CLANG_ANALYZER_NUMBER_OBJECT_CONVERSION = YES_AGGRESSIVE;
				CLANG_CXX_LANGUAGE_STANDARD = "gnu++17";
				CLANG_ENABLE_MODULES = YES;
				CLANG_ENABLE_OBJC_ARC = YES;
				CLANG_ENABLE_OBJC_WEAK = YES;
				CLANG_WARN_BLOCK_CAPTURE_AUTORELEASING = YES;
				CLANG_WARN_BOOL_CONVERSION = YES;
				CLANG_WARN_COMMA = YES;
				CLANG_WARN_CONSTANT_CONVERSION = YES;
				CLANG_WARN_DEPRECATED_OBJC_IMPLEMENTATIONS = YES;
				CLANG_WARN_DIRECT_OBJC_ISA_USAGE = YES_ERROR;
				CLANG_WARN_DOCUMENTATION_COMMENTS = YES;
				CLANG_WARN_EMPTY_BODY = YES;
				CLANG_WARN_ENUM_CONVERSION = YES;
				CLANG_WARN_INFINITE_RECURSION = YES;
				CLANG_WARN_INT_CONVERSION = YES;
				CLANG_WARN_NON_LITERAL_NULL_CONVERSION = YES;
				CLANG_WARN_OBJC_IMPLICIT_RETAIN_SELF = YES;
				CLANG_WARN_OBJC_LITERAL_CONVERSION = YES;
				CLANG_WARN_OBJC_ROOT_CLASS = YES_ERROR;
				CLANG_WARN_QUOTED_INCLUDE_IN_FRAMEWORK_HEADER = YES;
				CLANG_WARN_RANGE_LOOP_ANALYSIS = YES;
				CLANG_WARN_STRICT_PROTOTYPES = YES;
				CLANG_WARN_SUSPICIOUS_MOVE = YES;
				CLANG_WARN_UNGUARDED_AVAILABILITY = YES_AGGRESSIVE;
				CLANG_WARN_UNREACHABLE_CODE = YES;
				CLANG_WARN__DUPLICATE_METHOD_MATCH = YES;
				COPY_PHASE_STRIP = NO;
				DEBUG_INFORMATION_FORMAT = dwarf;
				ENABLE_STRICT_OBJC_MSGSEND = YES;
				ENABLE_TESTABILITY = YES;
				GCC_C_LANGUAGE_STANDARD = gnu11;
				GCC_DYNAMIC_NO_PIC = NO;
				GCC_NO_COMMON_BLOCKS = YES;
				GCC_OPTIMIZATION_LEVEL = 0;
				GCC_PREPROCESSOR_DEFINITIONS = (
					"DEBUG=1",
					"$(inherited)",
				);
				GCC_WARN_64_TO_32_BIT_CONVERSION = YES;
				GCC_WARN_ABOUT_RETURN_TYPE = YES_ERROR;
				GCC_WARN_UNDECLARED_SELECTOR = YES;
				GCC_WARN_UNINITIALIZED_AUTOS = YES_AGGRESSIVE;
				GCC_WARN_UNUSED_FUNCTION = YES;
				GCC_WARN_UNUSED_VARIABLE = YES;
				IPHONEOS_DEPLOYMENT_TARGET = 16.0;
				MTL_ENABLE_DEBUG_INFO = INCLUDE_SOURCE;
				MTL_FAST_MATH = YES;
				ONLY_ACTIVE_ARCH = YES;
				SDKROOT = iphoneos;
				SWIFT_ACTIVE_COMPILATION_CONDITIONS = DEBUG;
				SWIFT_OPTIMIZATION_LEVEL = "-Onone";
			};
			name = Debug;
		};
		507E135E28C4E2E100D81784 /* Release */ = {
			isa = XCBuildConfiguration;
			buildSettings = {
				ALWAYS_SEARCH_USER_PATHS = NO;
				CLANG_ANALYZER_NONNULL = YES;
				CLANG_ANALYZER_NUMBER_OBJECT_CONVERSION = YES_AGGRESSIVE;
				CLANG_CXX_LANGUAGE_STANDARD = "gnu++17";
				CLANG_ENABLE_MODULES = YES;
				CLANG_ENABLE_OBJC_ARC = YES;
				CLANG_ENABLE_OBJC_WEAK = YES;
				CLANG_WARN_BLOCK_CAPTURE_AUTORELEASING = YES;
				CLANG_WARN_BOOL_CONVERSION = YES;
				CLANG_WARN_COMMA = YES;
				CLANG_WARN_CONSTANT_CONVERSION = YES;
				CLANG_WARN_DEPRECATED_OBJC_IMPLEMENTATIONS = YES;
				CLANG_WARN_DIRECT_OBJC_ISA_USAGE = YES_ERROR;
				CLANG_WARN_DOCUMENTATION_COMMENTS = YES;
				CLANG_WARN_EMPTY_BODY = YES;
				CLANG_WARN_ENUM_CONVERSION = YES;
				CLANG_WARN_INFINITE_RECURSION = YES;
				CLANG_WARN_INT_CONVERSION = YES;
				CLANG_WARN_NON_LITERAL_NULL_CONVERSION = YES;
				CLANG_WARN_OBJC_IMPLICIT_RETAIN_SELF = YES;
				CLANG_WARN_OBJC_LITERAL_CONVERSION = YES;
				CLANG_WARN_OBJC_ROOT_CLASS = YES_ERROR;
				CLANG_WARN_QUOTED_INCLUDE_IN_FRAMEWORK_HEADER = YES;
				CLANG_WARN_RANGE_LOOP_ANALYSIS = YES;
				CLANG_WARN_STRICT_PROTOTYPES = YES;
				CLANG_WARN_SUSPICIOUS_MOVE = YES;
				CLANG_WARN_UNGUARDED_AVAILABILITY = YES_AGGRESSIVE;
				CLANG_WARN_UNREACHABLE_CODE = YES;
				CLANG_WARN__DUPLICATE_METHOD_MATCH = YES;
				COPY_PHASE_STRIP = NO;
				DEBUG_INFORMATION_FORMAT = "dwarf-with-dsym";
				ENABLE_NS_ASSERTIONS = NO;
				ENABLE_STRICT_OBJC_MSGSEND = YES;
				GCC_C_LANGUAGE_STANDARD = gnu11;
				GCC_NO_COMMON_BLOCKS = YES;
				GCC_WARN_64_TO_32_BIT_CONVERSION = YES;
				GCC_WARN_ABOUT_RETURN_TYPE = YES_ERROR;
				GCC_WARN_UNDECLARED_SELECTOR = YES;
				GCC_WARN_UNINITIALIZED_AUTOS = YES_AGGRESSIVE;
				GCC_WARN_UNUSED_FUNCTION = YES;
				GCC_WARN_UNUSED_VARIABLE = YES;
				IPHONEOS_DEPLOYMENT_TARGET = 16.0;
				MTL_ENABLE_DEBUG_INFO = NO;
				MTL_FAST_MATH = YES;
				SDKROOT = iphoneos;
				SWIFT_COMPILATION_MODE = wholemodule;
				SWIFT_OPTIMIZATION_LEVEL = "-O";
				VALIDATE_PRODUCT = YES;
			};
			name = Release;
		};
		507E136028C4E2E100D81784 /* Debug */ = {
			isa = XCBuildConfiguration;
			buildSettings = {
				ASSETCATALOG_COMPILER_APPICON_NAME = AppIcon;
				ASSETCATALOG_COMPILER_GLOBAL_ACCENT_COLOR_NAME = AccentColor;
				CODE_SIGN_STYLE = Automatic;
				CURRENT_PROJECT_VERSION = 1;
				DEVELOPMENT_ASSET_PATHS = "\"AllDone/Preview Content\"";
				DEVELOPMENT_TEAM = T8T6J53KY2;
				ENABLE_PREVIEWS = YES;
				GENERATE_INFOPLIST_FILE = YES;
				INFOPLIST_FILE = AllDone/Info.plist;
				INFOPLIST_KEY_UIApplicationSupportsIndirectInputEvents = YES;
				INFOPLIST_KEY_UILaunchScreen_Generation = YES;
				INFOPLIST_KEY_UISupportedInterfaceOrientations = UIInterfaceOrientationPortrait;
				INFOPLIST_KEY_UISupportedInterfaceOrientations_iPad = "UIInterfaceOrientationPortrait UIInterfaceOrientationPortraitUpsideDown UIInterfaceOrientationLandscapeLeft UIInterfaceOrientationLandscapeRight";
				INFOPLIST_KEY_UISupportedInterfaceOrientations_iPhone = "UIInterfaceOrientationPortrait UIInterfaceOrientationLandscapeLeft UIInterfaceOrientationLandscapeRight";
				LD_RUNPATH_SEARCH_PATHS = (
					"$(inherited)",
					"@executable_path/Frameworks",
				);
				MARKETING_VERSION = 1.0;
				PRODUCT_BUNDLE_IDENTIFIER = co.itodd.AllDone;
				PRODUCT_NAME = "$(TARGET_NAME)";
				SWIFT_EMIT_LOC_STRINGS = YES;
				SWIFT_VERSION = 5.0;
				TARGETED_DEVICE_FAMILY = "1,2";
			};
			name = Debug;
		};
		507E136128C4E2E100D81784 /* Release */ = {
			isa = XCBuildConfiguration;
			buildSettings = {
				ASSETCATALOG_COMPILER_APPICON_NAME = AppIcon;
				ASSETCATALOG_COMPILER_GLOBAL_ACCENT_COLOR_NAME = AccentColor;
				CODE_SIGN_STYLE = Automatic;
				CURRENT_PROJECT_VERSION = 1;
				DEVELOPMENT_ASSET_PATHS = "\"AllDone/Preview Content\"";
				DEVELOPMENT_TEAM = T8T6J53KY2;
				ENABLE_PREVIEWS = YES;
				GENERATE_INFOPLIST_FILE = YES;
				INFOPLIST_FILE = AllDone/Info.plist;
				INFOPLIST_KEY_UIApplicationSupportsIndirectInputEvents = YES;
				INFOPLIST_KEY_UILaunchScreen_Generation = YES;
				INFOPLIST_KEY_UISupportedInterfaceOrientations = UIInterfaceOrientationPortrait;
				INFOPLIST_KEY_UISupportedInterfaceOrientations_iPad = "UIInterfaceOrientationPortrait UIInterfaceOrientationPortraitUpsideDown UIInterfaceOrientationLandscapeLeft UIInterfaceOrientationLandscapeRight";
				INFOPLIST_KEY_UISupportedInterfaceOrientations_iPhone = "UIInterfaceOrientationPortrait UIInterfaceOrientationLandscapeLeft UIInterfaceOrientationLandscapeRight";
				LD_RUNPATH_SEARCH_PATHS = (
					"$(inherited)",
					"@executable_path/Frameworks",
				);
				MARKETING_VERSION = 1.0;
				PRODUCT_BUNDLE_IDENTIFIER = co.itodd.AllDone;
				PRODUCT_NAME = "$(TARGET_NAME)";
				SWIFT_EMIT_LOC_STRINGS = YES;
				SWIFT_VERSION = 5.0;
				TARGETED_DEVICE_FAMILY = "1,2";
			};
			name = Release;
		};
/* End XCBuildConfiguration section */

/* Begin XCConfigurationList section */
		507E134C28C4E2E000D81784 /* Build configuration list for PBXProject "AllDone" */ = {
			isa = XCConfigurationList;
			buildConfigurations = (
				507E135D28C4E2E100D81784 /* Debug */,
				507E135E28C4E2E100D81784 /* Release */,
			);
			defaultConfigurationIsVisible = 0;
			defaultConfigurationName = Release;
		};
		507E135F28C4E2E100D81784 /* Build configuration list for PBXNativeTarget "AllDone" */ = {
			isa = XCConfigurationList;
			buildConfigurations = (
				507E136028C4E2E100D81784 /* Debug */,
				507E136128C4E2E100D81784 /* Release */,
			);
			defaultConfigurationIsVisible = 0;
			defaultConfigurationName = Release;
		};
/* End XCConfigurationList section */

/* Begin XCRemoteSwiftPackageReference section */
		50DA7CB028D689E30010FA4E /* XCRemoteSwiftPackageReference "firebase-ios-sdk" */ = {
			isa = XCRemoteSwiftPackageReference;
			repositoryURL = "https://github.com/firebase/firebase-ios-sdk.git";
			requirement = {
				kind = upToNextMajorVersion;
				minimumVersion = 9.0.0;
			};
		};
/* End XCRemoteSwiftPackageReference section */

/* Begin XCSwiftPackageProductDependency section */
		50DA7CB128D689E30010FA4E /* FirebaseAnalytics */ = {
			isa = XCSwiftPackageProductDependency;
			package = 50DA7CB028D689E30010FA4E /* XCRemoteSwiftPackageReference "firebase-ios-sdk" */;
			productName = FirebaseAnalytics;
		};
		50DA7CB328D689E30010FA4E /* FirebaseAnalyticsSwift */ = {
			isa = XCSwiftPackageProductDependency;
			package = 50DA7CB028D689E30010FA4E /* XCRemoteSwiftPackageReference "firebase-ios-sdk" */;
			productName = FirebaseAnalyticsSwift;
		};
		50DA7CB528D689E30010FA4E /* FirebaseAnalyticsWithoutAdIdSupport */ = {
			isa = XCSwiftPackageProductDependency;
			package = 50DA7CB028D689E30010FA4E /* XCRemoteSwiftPackageReference "firebase-ios-sdk" */;
			productName = FirebaseAnalyticsWithoutAdIdSupport;
		};
		50DA7CB728D689E30010FA4E /* FirebaseAuth */ = {
			isa = XCSwiftPackageProductDependency;
			package = 50DA7CB028D689E30010FA4E /* XCRemoteSwiftPackageReference "firebase-ios-sdk" */;
			productName = FirebaseAuth;
		};
		50DA7CB928D689E30010FA4E /* FirebaseCrashlytics */ = {
			isa = XCSwiftPackageProductDependency;
			package = 50DA7CB028D689E30010FA4E /* XCRemoteSwiftPackageReference "firebase-ios-sdk" */;
			productName = FirebaseCrashlytics;
		};
		50DA7CBB28D689E30010FA4E /* FirebaseDatabase */ = {
			isa = XCSwiftPackageProductDependency;
			package = 50DA7CB028D689E30010FA4E /* XCRemoteSwiftPackageReference "firebase-ios-sdk" */;
			productName = FirebaseDatabase;
		};
		50DA7CBD28D689E30010FA4E /* FirebaseDatabaseSwift */ = {
			isa = XCSwiftPackageProductDependency;
			package = 50DA7CB028D689E30010FA4E /* XCRemoteSwiftPackageReference "firebase-ios-sdk" */;
			productName = FirebaseDatabaseSwift;
		};
		50DA7CBF28D689E30010FA4E /* FirebaseFirestore */ = {
			isa = XCSwiftPackageProductDependency;
			package = 50DA7CB028D689E30010FA4E /* XCRemoteSwiftPackageReference "firebase-ios-sdk" */;
			productName = FirebaseFirestore;
		};
		50DA7CC128D689E30010FA4E /* FirebaseFirestoreSwift */ = {
			isa = XCSwiftPackageProductDependency;
			package = 50DA7CB028D689E30010FA4E /* XCRemoteSwiftPackageReference "firebase-ios-sdk" */;
			productName = FirebaseFirestoreSwift;
		};
		50DA7CC328D689E30010FA4E /* FirebaseFunctions */ = {
			isa = XCSwiftPackageProductDependency;
			package = 50DA7CB028D689E30010FA4E /* XCRemoteSwiftPackageReference "firebase-ios-sdk" */;
			productName = FirebaseFunctions;
		};
		50DA7CC528D689E30010FA4E /* FirebaseStorage */ = {
			isa = XCSwiftPackageProductDependency;
			package = 50DA7CB028D689E30010FA4E /* XCRemoteSwiftPackageReference "firebase-ios-sdk" */;
			productName = FirebaseStorage;
		};
/* End XCSwiftPackageProductDependency section */
	};
	rootObject = 507E134928C4E2E000D81784 /* Project object */;
}
